<?xml version="1.0" encoding="utf-8"?>
<Project ToolsVersion="4.0" xmlns="http://schemas.microsoft.com/developer/msbuild/2003">
  <ItemGroup>
    <Filter Include="Source Files">
      <UniqueIdentifier>{4FC737F1-C7A5-4376-A066-2A32D752A2FF}</UniqueIdentifier>
      <Extensions>cpp;c;cc;cxx;def;odl;idl;hpj;bat;asm;asmx</Extensions>
    </Filter>
    <Filter Include="Header Files">
      <UniqueIdentifier>{93995380-89BD-4b04-88EB-625FBE52EBFB}</UniqueIdentifier>
      <Extensions>h;hpp;hxx;hm;inl;inc;xsd</Extensions>
    </Filter>
    <Filter Include="Shader Classes">
      <UniqueIdentifier>{83564041-3bdd-45b1-833a-fc81de0845a9}</UniqueIdentifier>
    </Filter>
    <Filter Include="Shaders">
      <UniqueIdentifier>{67DA6AB6-F800-4c08-8B7A-83BB121AAD01}</UniqueIdentifier>
      <Extensions>rc;ico;cur;bmp;dlg;rc2;rct;bin;rgs;gif;jpg;jpeg;jpe;resx;tiff;tif;png;wav;mfcribbon-ms</Extensions>
    </Filter>
    <Filter Include="CUDA Source Files">
      <UniqueIdentifier>{58133ea3-99a8-49dd-8bf7-45e5337a7137}</UniqueIdentifier>
    </Filter>
  </ItemGroup>
  <ItemGroup>
    <ClCompile Include="cameraclass.cpp">
      <Filter>Source Files</Filter>
    </ClCompile>
    <ClCompile Include="d3dclass.cpp">
      <Filter>Source Files</Filter>
    </ClCompile>
    <ClCompile Include="fontclass.cpp">
      <Filter>Source Files</Filter>
    </ClCompile>
    <ClCompile Include="fpsclass.cpp">
      <Filter>Source Files</Filter>
    </ClCompile>
    <ClCompile Include="graphicsclass.cpp">
      <Filter>Source Files</Filter>
    </ClCompile>
    <ClCompile Include="inputclass.cpp">
      <Filter>Source Files</Filter>
    </ClCompile>
    <ClCompile Include="main.cpp">
      <Filter>Source Files</Filter>
    </ClCompile>
    <ClCompile Include="modelclass.cpp">
      <Filter>Source Files</Filter>
    </ClCompile>
    <ClCompile Include="systemclass.cpp">
      <Filter>Source Files</Filter>
    </ClCompile>
    <ClCompile Include="textclass.cpp">
      <Filter>Source Files</Filter>
    </ClCompile>
    <ClCompile Include="textureclass.cpp">
      <Filter>Source Files</Filter>
    </ClCompile>
    <ClCompile Include="Shader Classes\fontshaderclass.cpp">
      <Filter>Shader Classes</Filter>
    </ClCompile>
    <ClCompile Include="Shader Classes\textureshaderclass.cpp">
      <Filter>Shader Classes</Filter>
    </ClCompile>
  </ItemGroup>
  <ItemGroup>
    <ClInclude Include="CUDA Source Files\FluidCUDA.cuh">
      <Filter>CUDA Source Files</Filter>
    </ClInclude>
    <ClInclude Include="Shader Classes\fontshaderclass.h">
      <Filter>Shader Classes</Filter>
    </ClInclude>
    <ClInclude Include="Shader Classes\textureshaderclass.h">
      <Filter>Shader Classes</Filter>
    </ClInclude>
    <ClInclude Include="cameraclass.h">
      <Filter>Header Files</Filter>
    </ClInclude>
    <ClInclude Include="d3dclass.h">
      <Filter>Header Files</Filter>
    </ClInclude>
    <ClInclude Include="fontclass.h">
      <Filter>Header Files</Filter>
    </ClInclude>
    <ClInclude Include="fpsclass.h">
      <Filter>Header Files</Filter>
    </ClInclude>
    <ClInclude Include="graphicsclass.h">
      <Filter>Header Files</Filter>
    </ClInclude>
    <ClInclude Include="inputclass.h">
      <Filter>Header Files</Filter>
    </ClInclude>
    <ClInclude Include="modelclass.h">
      <Filter>Header Files</Filter>
    </ClInclude>
    <ClInclude Include="systemclass.h">
      <Filter>Header Files</Filter>
    </ClInclude>
    <ClInclude Include="textclass.h">
      <Filter>Header Files</Filter>
    </ClInclude>
    <ClInclude Include="textureclass.h">
      <Filter>Header Files</Filter>
    </ClInclude>
  </ItemGroup>
  <ItemGroup>
    <CudaCompile Include="CUDA Source Files\FluidCUDA.cu">
      <Filter>CUDA Source Files</Filter>
    </CudaCompile>
  </ItemGroup>
  <ItemGroup>
    <None Include="Shaders\font.ps">
      <Filter>Shaders</Filter>
    </None>
    <None Include="Shaders\font.vs">
      <Filter>Shaders</Filter>
    </None>
    <None Include="Shaders\texture.ps">
      <Filter>Shaders</Filter>
    </None>
    <None Include="Shaders\texture.vs">
      <Filter>Shaders</Filter>
    </None>
  </ItemGroup>
</Project>